
Microsoft Visual Studio Solution File, Format Version 12.00
# Visual Studio Version 16
VisualStudioVersion = 16.0.29503.13
MinimumVisualStudioVersion = 10.0.40219.1
Project("{FAE04EC0-301F-11D3-BF4B-00C04F79EFBC}") = "RemotePrinter", "RemotePrinter\RemotePrinter.csproj", "{F2398D27-EF40-49AD-9FB2-D8A35C42076A}"
EndProject
Global
	GlobalSection(SolutionConfigurationPlatforms) = preSolution
		Debug|Any CPU = Debug|Any CPU
		Release|Any CPU = Release|Any CPU
	EndGlobalSection
	GlobalSection(ProjectConfigurationPlatforms) = postSolution
		{F2398D27-EF40-49AD-9FB2-D8A35C42076A}.Debug|Any CPU.ActiveCfg = Debug|Any CPU
		{F2398D27-EF40-49AD-9FB2-D8A35C42076A}.Debug|Any CPU.Build.0 = Debug|Any CPU
		{F2398D27-EF40-49AD-9FB2-D8A35C42076A}.Release|Any CPU.ActiveCfg = Release|Any CPU
		{F2398D27-EF40-49AD-9FB2-D8A35C42076A}.Release|Any CPU.Build.0 = Release|Any CPU
	EndGlobalSection
	GlobalSection(SolutionProperties) = preSolution
		HideSolutionNode = FALSE
	EndGlobalSection
	GlobalSection(ExtensibilityGlobals) = postSolution
		SolutionGuid = {27A74D35-4D39-49EB-9917-12402D313B7B}
	EndGlobalSection
EndGlobal
